// !$*UTF8*$!
{
	archiveVersion = 1;
	classes = {
	};
	objectVersion = 46;
	objects = {

/* Begin PBXBuildFile section */
		16A137F7F33745D7AC5E8661 /* libPods.a in Frameworks */ = {isa = PBXBuildFile; fileRef = A45D4E47B4EC41E9B839171D /* libPods.a */; };
		6F1EA9C216436AEA005B968D /* Foundation.framework in Frameworks */ = {isa = PBXBuildFile; fileRef = 6F1EA9C116436AEA005B968D /* Foundation.framework */; };
		6F1EA9DA16436BAE005B968D /* UploadcareError.m in Sources */ = {isa = PBXBuildFile; fileRef = 6F1EA9D116436BAE005B968D /* UploadcareError.m */; };
		6F1EA9DB16436BAE005B968D /* UploadcareFile.m in Sources */ = {isa = PBXBuildFile; fileRef = 6F1EA9D316436BAE005B968D /* UploadcareFile.m */; };
		6F1EA9DC16436BAE005B968D /* UploadcareKit.m in Sources */ = {isa = PBXBuildFile; fileRef = 6F1EA9D516436BAE005B968D /* UploadcareKit.m */; };
		6F1EA9DD16436BAE005B968D /* UploadcareKit+Deprecated.m in Sources */ = {isa = PBXBuildFile; fileRef = 6F1EA9D716436BAE005B968D /* UploadcareKit+Deprecated.m */; };
		6F1EA9DE16436BAE005B968D /* UploadcareStatusWatcher.m in Sources */ = {isa = PBXBuildFile; fileRef = 6F1EA9D916436BAE005B968D /* UploadcareStatusWatcher.m */; };
/* End PBXBuildFile section */

/* Begin PBXCopyFilesBuildPhase section */
		6F1EA9BC16436AEA005B968D /* CopyFiles */ = {
			isa = PBXCopyFilesBuildPhase;
			buildActionMask = 2147483647;
			dstPath = "include/${PRODUCT_NAME}";
			dstSubfolderSpec = 16;
			files = (
			);
			runOnlyForDeploymentPostprocessing = 0;
		};
/* End PBXCopyFilesBuildPhase section */

/* Begin PBXFileReference section */
		6F1EA9BE16436AEA005B968D /* libUploadcareKit.a */ = {isa = PBXFileReference; explicitFileType = archive.ar; includeInIndex = 0; path = libUploadcareKit.a; sourceTree = BUILT_PRODUCTS_DIR; };
		6F1EA9C116436AEA005B968D /* Foundation.framework */ = {isa = PBXFileReference; includeInIndex = 1; lastKnownFileType = wrapper.framework; name = Foundation.framework; path = System/Library/Frameworks/Foundation.framework; sourceTree = SDKROOT; };
		6F1EA9CF16436B9B005B968D /* UploadcareKit-Prefix.pch */ = {isa = PBXFileReference; fileEncoding = 4; lastKnownFileType = sourcecode.c.h; path = "UploadcareKit-Prefix.pch"; sourceTree = "<group>"; };
		6F1EA9D016436BAE005B968D /* UploadcareError.h */ = {isa = PBXFileReference; fileEncoding = 4; lastKnownFileType = sourcecode.c.h; path = UploadcareError.h; sourceTree = "<group>"; };
		6F1EA9D116436BAE005B968D /* UploadcareError.m */ = {isa = PBXFileReference; fileEncoding = 4; lastKnownFileType = sourcecode.c.objc; path = UploadcareError.m; sourceTree = "<group>"; };
		6F1EA9D216436BAE005B968D /* UploadcareFile.h */ = {isa = PBXFileReference; fileEncoding = 4; lastKnownFileType = sourcecode.c.h; path = UploadcareFile.h; sourceTree = "<group>"; };
		6F1EA9D316436BAE005B968D /* UploadcareFile.m */ = {isa = PBXFileReference; fileEncoding = 4; lastKnownFileType = sourcecode.c.objc; path = UploadcareFile.m; sourceTree = "<group>"; };
		6F1EA9D416436BAE005B968D /* UploadcareKit.h */ = {isa = PBXFileReference; fileEncoding = 4; lastKnownFileType = sourcecode.c.h; path = UploadcareKit.h; sourceTree = "<group>"; };
		6F1EA9D516436BAE005B968D /* UploadcareKit.m */ = {isa = PBXFileReference; fileEncoding = 4; lastKnownFileType = sourcecode.c.objc; path = UploadcareKit.m; sourceTree = "<group>"; };
		6F1EA9D616436BAE005B968D /* UploadcareKit+Deprecated.h */ = {isa = PBXFileReference; fileEncoding = 4; lastKnownFileType = sourcecode.c.h; path = "UploadcareKit+Deprecated.h"; sourceTree = "<group>"; };
		6F1EA9D716436BAE005B968D /* UploadcareKit+Deprecated.m */ = {isa = PBXFileReference; fileEncoding = 4; lastKnownFileType = sourcecode.c.objc; path = "UploadcareKit+Deprecated.m"; sourceTree = "<group>"; };
		6F1EA9D816436BAE005B968D /* UploadcareStatusWatcher.h */ = {isa = PBXFileReference; fileEncoding = 4; lastKnownFileType = sourcecode.c.h; path = UploadcareStatusWatcher.h; sourceTree = "<group>"; };
		6F1EA9D916436BAE005B968D /* UploadcareStatusWatcher.m */ = {isa = PBXFileReference; fileEncoding = 4; lastKnownFileType = sourcecode.c.objc; path = UploadcareStatusWatcher.m; sourceTree = "<group>"; };
		A45D4E47B4EC41E9B839171D /* libPods.a */ = {isa = PBXFileReference; explicitFileType = archive.ar; includeInIndex = 0; path = libPods.a; sourceTree = BUILT_PRODUCTS_DIR; };
		F19D21709C504FCAB524B413 /* Pods.xcconfig */ = {isa = PBXFileReference; includeInIndex = 1; lastKnownFileType = text.xcconfig; name = Pods.xcconfig; path = Pods/Pods.xcconfig; sourceTree = SOURCE_ROOT; };
/* End PBXFileReference section */

/* Begin PBXFrameworksBuildPhase section */
		6F1EA9BB16436AEA005B968D /* Frameworks */ = {
			isa = PBXFrameworksBuildPhase;
			buildActionMask = 2147483647;
			files = (
				6F1EA9C216436AEA005B968D /* Foundation.framework in Frameworks */,
				16A137F7F33745D7AC5E8661 /* libPods.a in Frameworks */,
			);
			runOnlyForDeploymentPostprocessing = 0;
		};
/* End PBXFrameworksBuildPhase section */

/* Begin PBXGroup section */
		6F1EA9B316436AEA005B968D = {
			isa = PBXGroup;
			children = (
				6F1EA9C316436AEA005B968D /* UploadcareKit */,
				6F1EA9C016436AEA005B968D /* Frameworks */,
				6F1EA9BF16436AEA005B968D /* Products */,
				F19D21709C504FCAB524B413 /* Pods.xcconfig */,
			);
			sourceTree = "<group>";
		};
		6F1EA9BF16436AEA005B968D /* Products */ = {
			isa = PBXGroup;
			children = (
				6F1EA9BE16436AEA005B968D /* libUploadcareKit.a */,
			);
			name = Products;
			sourceTree = "<group>";
		};
		6F1EA9C016436AEA005B968D /* Frameworks */ = {
			isa = PBXGroup;
			children = (
				6F1EA9C116436AEA005B968D /* Foundation.framework */,
				A45D4E47B4EC41E9B839171D /* libPods.a */,
			);
			name = Frameworks;
			sourceTree = "<group>";
		};
		6F1EA9C316436AEA005B968D /* UploadcareKit */ = {
			isa = PBXGroup;
			children = (
				6F1EA9D016436BAE005B968D /* UploadcareError.h */,
				6F1EA9D116436BAE005B968D /* UploadcareError.m */,
				6F1EA9D216436BAE005B968D /* UploadcareFile.h */,
				6F1EA9D316436BAE005B968D /* UploadcareFile.m */,
				6F1EA9D416436BAE005B968D /* UploadcareKit.h */,
				6F1EA9D516436BAE005B968D /* UploadcareKit.m */,
				6F1EA9D616436BAE005B968D /* UploadcareKit+Deprecated.h */,
				6F1EA9D716436BAE005B968D /* UploadcareKit+Deprecated.m */,
				6F1EA9D816436BAE005B968D /* UploadcareStatusWatcher.h */,
				6F1EA9D916436BAE005B968D /* UploadcareStatusWatcher.m */,
				6F1EA9C416436AEA005B968D /* Supporting Files */,
			);
			path = UploadcareKit;
			sourceTree = "<group>";
		};
		6F1EA9C416436AEA005B968D /* Supporting Files */ = {
			isa = PBXGroup;
			children = (
				6F1EA9CF16436B9B005B968D /* UploadcareKit-Prefix.pch */,
			);
			name = "Supporting Files";
			sourceTree = "<group>";
		};
/* End PBXGroup section */

/* Begin PBXNativeTarget section */
		6F1EA9BD16436AEA005B968D /* UploadcareKit */ = {
			isa = PBXNativeTarget;
			buildConfigurationList = 6F1EA9CC16436AEA005B968D /* Build configuration list for PBXNativeTarget "UploadcareKit" */;
			buildPhases = (
				6F1EA9BA16436AEA005B968D /* Sources */,
				6F1EA9BB16436AEA005B968D /* Frameworks */,
				6F1EA9BC16436AEA005B968D /* CopyFiles */,
				EC7D8E3628AE4BFDB185655C /* Copy Pods Resources */,
			);
			buildRules = (
			);
			dependencies = (
			);
			name = UploadcareKit;
			productName = UploadcareKit;
			productReference = 6F1EA9BE16436AEA005B968D /* libUploadcareKit.a */;
			productType = "com.apple.product-type.library.static";
		};
/* End PBXNativeTarget section */

/* Begin PBXProject section */
		6F1EA9B516436AEA005B968D /* Project object */ = {
			isa = PBXProject;
			attributes = {
				LastUpgradeCheck = 0450;
				ORGANIZATIONNAME = Uploadcare;
			};
			buildConfigurationList = 6F1EA9B816436AEA005B968D /* Build configuration list for PBXProject "UploadcareKit" */;
			compatibilityVersion = "Xcode 3.2";
			developmentRegion = English;
			hasScannedForEncodings = 0;
			knownRegions = (
				en,
			);
			mainGroup = 6F1EA9B316436AEA005B968D;
			productRefGroup = 6F1EA9BF16436AEA005B968D /* Products */;
			projectDirPath = "";
			projectRoot = "";
			targets = (
				6F1EA9BD16436AEA005B968D /* UploadcareKit */,
			);
		};
/* End PBXProject section */

/* Begin PBXShellScriptBuildPhase section */
		EC7D8E3628AE4BFDB185655C /* Copy Pods Resources */ = {
			isa = PBXShellScriptBuildPhase;
			buildActionMask = 2147483647;
			files = (
			);
			inputPaths = (
			);
			name = "Copy Pods Resources";
			outputPaths = (
			);
			runOnlyForDeploymentPostprocessing = 0;
			shellPath = /bin/sh;
			shellScript = "\"${SRCROOT}/Pods/Pods-resources.sh\"\n";
		};
/* End PBXShellScriptBuildPhase section */

/* Begin PBXSourcesBuildPhase section */
		6F1EA9BA16436AEA005B968D /* Sources */ = {
			isa = PBXSourcesBuildPhase;
			buildActionMask = 2147483647;
			files = (
				6F1EA9DA16436BAE005B968D /* UploadcareError.m in Sources */,
				6F1EA9DB16436BAE005B968D /* UploadcareFile.m in Sources */,
				6F1EA9DC16436BAE005B968D /* UploadcareKit.m in Sources */,
				6F1EA9DD16436BAE005B968D /* UploadcareKit+Deprecated.m in Sources */,
				6F1EA9DE16436BAE005B968D /* UploadcareStatusWatcher.m in Sources */,
			);
			runOnlyForDeploymentPostprocessing = 0;
		};
/* End PBXSourcesBuildPhase section */

/* Begin XCBuildConfiguration section */
		6F1EA9CA16436AEA005B968D /* Debug */ = {
			isa = XCBuildConfiguration;
			buildSettings = {
				ALWAYS_SEARCH_USER_PATHS = NO;
				CLANG_CXX_LANGUAGE_STANDARD = "gnu++0x";
				CLANG_CXX_LIBRARY = "libc++";
				CLANG_ENABLE_OBJC_ARC = YES;
				CLANG_WARN_EMPTY_BODY = YES;
				CLANG_WARN__DUPLICATE_METHOD_MATCH = YES;
				COPY_PHASE_STRIP = NO;
				GCC_C_LANGUAGE_STANDARD = gnu99;
				GCC_DYNAMIC_NO_PIC = NO;
				GCC_OPTIMIZATION_LEVEL = 0;
				GCC_PREPROCESSOR_DEFINITIONS = (
					"DEBUG=1",
					"$(inherited)",
				);
				GCC_SYMBOLS_PRIVATE_EXTERN = NO;
				GCC_WARN_ABOUT_RETURN_TYPE = YES;
				GCC_WARN_UNINITIALIZED_AUTOS = YES;
				GCC_WARN_UNUSED_VARIABLE = YES;
				IPHONEOS_DEPLOYMENT_TARGET = 6.0;
				ONLY_ACTIVE_ARCH = YES;
				SDKROOT = iphoneos;
			};
			name = Debug;
		};
		6F1EA9CB16436AEA005B968D /* Release */ = {
			isa = XCBuildConfiguration;
			buildSettings = {
				ALWAYS_SEARCH_USER_PATHS = NO;
				CLANG_CXX_LANGUAGE_STANDARD = "gnu++0x";
				CLANG_CXX_LIBRARY = "libc++";
				CLANG_ENABLE_OBJC_ARC = YES;
				CLANG_WARN_EMPTY_BODY = YES;
				CLANG_WARN__DUPLICATE_METHOD_MATCH = YES;
				COPY_PHASE_STRIP = YES;
				GCC_C_LANGUAGE_STANDARD = gnu99;
				GCC_WARN_ABOUT_RETURN_TYPE = YES;
				GCC_WARN_UNINITIALIZED_AUTOS = YES;
				GCC_WARN_UNUSED_VARIABLE = YES;
				IPHONEOS_DEPLOYMENT_TARGET = 6.0;
				SDKROOT = iphoneos;
				VALIDATE_PRODUCT = YES;
			};
			name = Release;
		};
		6F1EA9CD16436AEA005B968D /* Debug */ = {
			isa = XCBuildConfiguration;
			baseConfigurationReference = F19D21709C504FCAB524B413 /* Pods.xcconfig */;
			buildSettings = {
				DSTROOT = /tmp/UploadcareKit.dst;
				GCC_PRECOMPILE_PREFIX_HEADER = YES;
				GCC_PREFIX_HEADER = "UploadcareKit/UploadcareKit-Prefix.pch";
				OTHER_LDFLAGS = "";
				PRODUCT_NAME = "$(TARGET_NAME)";
				SKIP_INSTALL = YES;
			};
			name = Debug;
		};
		6F1EA9CE16436AEA005B968D /* Release */ = {
			isa = XCBuildConfiguration;
			baseConfigurationReference = F19D21709C504FCAB524B413 /* Pods.xcconfig */;
			buildSettings = {
				DSTROOT = /tmp/UploadcareKit.dst;
				GCC_PRECOMPILE_PREFIX_HEADER = YES;
				GCC_PREFIX_HEADER = "UploadcareKit/UploadcareKit-Prefix.pch";
				OTHER_LDFLAGS = "";
				PRODUCT_NAME = "$(TARGET_NAME)";
				SKIP_INSTALL = YES;
			};
			name = Release;
		};
/* End XCBuildConfiguration section */

/* Begin XCConfigurationList section */
		6F1EA9B816436AEA005B968D /* Build configuration list for PBXProject "UploadcareKit" */ = {
			isa = XCConfigurationList;
			buildConfigurations = (
				6F1EA9CA16436AEA005B968D /* Debug */,
				6F1EA9CB16436AEA005B968D /* Release */,
			);
			defaultConfigurationIsVisible = 0;
			defaultConfigurationName = Release;
		};
		6F1EA9CC16436AEA005B968D /* Build configuration list for PBXNativeTarget "UploadcareKit" */ = {
			isa = XCConfigurationList;
			buildConfigurations = (
				6F1EA9CD16436AEA005B968D /* Debug */,
				6F1EA9CE16436AEA005B968D /* Release */,
			);
			defaultConfigurationIsVisible = 0;
			defaultConfigurationName = Release;
		};
/* End XCConfigurationList section */
	};
	rootObject = 6F1EA9B516436AEA005B968D /* Project object */;
}
