
EXTERNAL SOURCES: 
  uploadcare-ios: 
    :local: ../../

SPEC CHECKSUMS: 
  libPusher: ede9d70db138008e0054b0a3c9728eeeed341761
  TestFlightSDK: 359dbd5b9b363a9e35351bb71cc9dfd8ca6c8c36
  AQGridView: ee436c64bc4a972ca7f3ce99971c0204af9e65ea
  AFNetworking: 3cbae45f61a9f995cdbd56bd571223910d7f4e44
  uploadcare-ios: c1bf938c907ff56a15572f8715cbfc0434813069
  SocketRocket: bca43a94bd9aac3a629df42c06843402399ee67b

COCOAPODS: 0.16.2

DEPENDENCIES: 
- AFNetworking (~> 1.2.0)
- TestFlightSDK (~> 1.3.0.beta2)
- uploadcare-ios (from `../../')

PODS: 
- AFNetworking (1.2.0)
- AQGridView (1.3)
- SocketRocket (0.2.0)
- TestFlightSDK (1.3.0.beta2)
- libPusher (1.4): 
  - SocketRocket
- uploadcare-ios (2.0.0): 
  - AFNetworking (~> 1.2.0)
  - AQGridView (~> 1.3)
  - libPusher (~> 1.4)
