// !$*UTF8*$!
{
	archiveVersion = 1;
	classes = {
	};
	objectVersion = 46;
	objects = {

/* Begin PBXBuildFile section */
		5424F3FA15CC122600394084 /* UIKit.framework in Frameworks */ = {isa = PBXBuildFile; fileRef = 5424F3F915CC122600394084 /* UIKit.framework */; };
		5424F3FC15CC122600394084 /* Foundation.framework in Frameworks */ = {isa = PBXBuildFile; fileRef = 5424F3FB15CC122600394084 /* Foundation.framework */; };
		5424F3FE15CC122600394084 /* CoreGraphics.framework in Frameworks */ = {isa = PBXBuildFile; fileRef = 5424F3FD15CC122600394084 /* CoreGraphics.framework */; };
		5424F40415CC122700394084 /* InfoPlist.strings in Resources */ = {isa = PBXBuildFile; fileRef = 5424F40215CC122700394084 /* InfoPlist.strings */; };
		5424F40615CC122700394084 /* main.m in Sources */ = {isa = PBXBuildFile; fileRef = 5424F40515CC122700394084 /* main.m */; };
		5424F40A15CC122700394084 /* AppDelegate.m in Sources */ = {isa = PBXBuildFile; fileRef = 5424F40915CC122700394084 /* AppDelegate.m */; };
		5424F40D15CC122700394084 /* MasterViewController.m in Sources */ = {isa = PBXBuildFile; fileRef = 5424F40C15CC122700394084 /* MasterViewController.m */; };
		5424F41015CC122700394084 /* DetailViewController.m in Sources */ = {isa = PBXBuildFile; fileRef = 5424F40F15CC122700394084 /* DetailViewController.m */; };
		5424F41315CC122700394084 /* MasterViewController.xib in Resources */ = {isa = PBXBuildFile; fileRef = 5424F41115CC122700394084 /* MasterViewController.xib */; };
		5424F41615CC122700394084 /* DetailViewController.xib in Resources */ = {isa = PBXBuildFile; fileRef = 5424F41415CC122700394084 /* DetailViewController.xib */; };
		5424F41E15CC122700394084 /* SenTestingKit.framework in Frameworks */ = {isa = PBXBuildFile; fileRef = 5424F41D15CC122700394084 /* SenTestingKit.framework */; };
		5424F41F15CC122700394084 /* UIKit.framework in Frameworks */ = {isa = PBXBuildFile; fileRef = 5424F3F915CC122600394084 /* UIKit.framework */; };
		5424F42015CC122700394084 /* Foundation.framework in Frameworks */ = {isa = PBXBuildFile; fileRef = 5424F3FB15CC122600394084 /* Foundation.framework */; };
		5424F42815CC122700394084 /* InfoPlist.strings in Resources */ = {isa = PBXBuildFile; fileRef = 5424F42615CC122700394084 /* InfoPlist.strings */; };
		5424F42B15CC122700394084 /* WidgetExampleTests.m in Sources */ = {isa = PBXBuildFile; fileRef = 5424F42A15CC122700394084 /* WidgetExampleTests.m */; };
		5424F44015CC133600394084 /* UploadcareWidget.m in Sources */ = {isa = PBXBuildFile; fileRef = 5424F43E15CC133600394084 /* UploadcareWidget.m */; };
		5424F44115CC133600394084 /* UploadcareWidget.xib in Resources */ = {isa = PBXBuildFile; fileRef = 5424F43F15CC133600394084 /* UploadcareWidget.xib */; };
		5424F44415CC2A2F00394084 /* UploadcareKit.xcodeproj in Resources */ = {isa = PBXBuildFile; fileRef = 5424F44315CC2A2F00394084 /* UploadcareKit.xcodeproj */; };
/* End PBXBuildFile section */

/* Begin PBXContainerItemProxy section */
		5424F42115CC122700394084 /* PBXContainerItemProxy */ = {
			isa = PBXContainerItemProxy;
			containerPortal = 5424F3EC15CC122600394084 /* Project object */;
			proxyType = 1;
			remoteGlobalIDString = 5424F3F415CC122600394084;
			remoteInfo = WidgetExample;
		};
/* End PBXContainerItemProxy section */

/* Begin PBXFileReference section */
		5424F3F515CC122600394084 /* WidgetExample.app */ = {isa = PBXFileReference; explicitFileType = wrapper.application; includeInIndex = 0; path = WidgetExample.app; sourceTree = BUILT_PRODUCTS_DIR; };
		5424F3F915CC122600394084 /* UIKit.framework */ = {isa = PBXFileReference; lastKnownFileType = wrapper.framework; name = UIKit.framework; path = System/Library/Frameworks/UIKit.framework; sourceTree = SDKROOT; };
		5424F3FB15CC122600394084 /* Foundation.framework */ = {isa = PBXFileReference; lastKnownFileType = wrapper.framework; name = Foundation.framework; path = System/Library/Frameworks/Foundation.framework; sourceTree = SDKROOT; };
		5424F3FD15CC122600394084 /* CoreGraphics.framework */ = {isa = PBXFileReference; lastKnownFileType = wrapper.framework; name = CoreGraphics.framework; path = System/Library/Frameworks/CoreGraphics.framework; sourceTree = SDKROOT; };
		5424F40115CC122600394084 /* WidgetExample-Info.plist */ = {isa = PBXFileReference; lastKnownFileType = text.plist.xml; path = "WidgetExample-Info.plist"; sourceTree = "<group>"; };
		5424F40315CC122700394084 /* en */ = {isa = PBXFileReference; lastKnownFileType = text.plist.strings; name = en; path = en.lproj/InfoPlist.strings; sourceTree = "<group>"; };
		5424F40515CC122700394084 /* main.m */ = {isa = PBXFileReference; lastKnownFileType = sourcecode.c.objc; path = main.m; sourceTree = "<group>"; };
		5424F40715CC122700394084 /* WidgetExample-Prefix.pch */ = {isa = PBXFileReference; lastKnownFileType = sourcecode.c.h; path = "WidgetExample-Prefix.pch"; sourceTree = "<group>"; };
		5424F40815CC122700394084 /* AppDelegate.h */ = {isa = PBXFileReference; lastKnownFileType = sourcecode.c.h; path = AppDelegate.h; sourceTree = "<group>"; };
		5424F40915CC122700394084 /* AppDelegate.m */ = {isa = PBXFileReference; lastKnownFileType = sourcecode.c.objc; path = AppDelegate.m; sourceTree = "<group>"; };
		5424F40B15CC122700394084 /* MasterViewController.h */ = {isa = PBXFileReference; lastKnownFileType = sourcecode.c.h; path = MasterViewController.h; sourceTree = "<group>"; };
		5424F40C15CC122700394084 /* MasterViewController.m */ = {isa = PBXFileReference; lastKnownFileType = sourcecode.c.objc; path = MasterViewController.m; sourceTree = "<group>"; };
		5424F40E15CC122700394084 /* DetailViewController.h */ = {isa = PBXFileReference; lastKnownFileType = sourcecode.c.h; path = DetailViewController.h; sourceTree = "<group>"; };
		5424F40F15CC122700394084 /* DetailViewController.m */ = {isa = PBXFileReference; lastKnownFileType = sourcecode.c.objc; path = DetailViewController.m; sourceTree = "<group>"; };
		5424F41215CC122700394084 /* en */ = {isa = PBXFileReference; lastKnownFileType = file.xib; name = en; path = en.lproj/MasterViewController.xib; sourceTree = "<group>"; };
		5424F41515CC122700394084 /* en */ = {isa = PBXFileReference; lastKnownFileType = file.xib; name = en; path = en.lproj/DetailViewController.xib; sourceTree = "<group>"; };
		5424F41C15CC122700394084 /* WidgetExampleTests.octest */ = {isa = PBXFileReference; explicitFileType = wrapper.cfbundle; includeInIndex = 0; path = WidgetExampleTests.octest; sourceTree = BUILT_PRODUCTS_DIR; };
		5424F41D15CC122700394084 /* SenTestingKit.framework */ = {isa = PBXFileReference; lastKnownFileType = wrapper.framework; name = SenTestingKit.framework; path = Library/Frameworks/SenTestingKit.framework; sourceTree = DEVELOPER_DIR; };
		5424F42515CC122700394084 /* WidgetExampleTests-Info.plist */ = {isa = PBXFileReference; lastKnownFileType = text.plist.xml; path = "WidgetExampleTests-Info.plist"; sourceTree = "<group>"; };
		5424F42715CC122700394084 /* en */ = {isa = PBXFileReference; lastKnownFileType = text.plist.strings; name = en; path = en.lproj/InfoPlist.strings; sourceTree = "<group>"; };
		5424F42915CC122700394084 /* WidgetExampleTests.h */ = {isa = PBXFileReference; lastKnownFileType = sourcecode.c.h; path = WidgetExampleTests.h; sourceTree = "<group>"; };
		5424F42A15CC122700394084 /* WidgetExampleTests.m */ = {isa = PBXFileReference; lastKnownFileType = sourcecode.c.objc; path = WidgetExampleTests.m; sourceTree = "<group>"; };
		5424F43D15CC133600394084 /* UploadcareWidget.h */ = {isa = PBXFileReference; fileEncoding = 4; lastKnownFileType = sourcecode.c.h; name = UploadcareWidget.h; path = ../../../UploadcareWidget/UploadcareWidget.h; sourceTree = "<group>"; };
		5424F43E15CC133600394084 /* UploadcareWidget.m */ = {isa = PBXFileReference; fileEncoding = 4; lastKnownFileType = sourcecode.c.objc; name = UploadcareWidget.m; path = ../../../UploadcareWidget/UploadcareWidget.m; sourceTree = "<group>"; };
		5424F43F15CC133600394084 /* UploadcareWidget.xib */ = {isa = PBXFileReference; fileEncoding = 4; lastKnownFileType = file.xib; name = UploadcareWidget.xib; path = ../../../UploadcareWidget/UploadcareWidget.xib; sourceTree = "<group>"; };
		5424F44315CC2A2F00394084 /* UploadcareKit.xcodeproj */ = {isa = PBXFileReference; lastKnownFileType = file; name = UploadcareKit.xcodeproj; path = ../../UploadcareKit/UploadcareKit.xcodeproj; sourceTree = "<group>"; };
/* End PBXFileReference section */

/* Begin PBXFrameworksBuildPhase section */
		5424F3F215CC122600394084 /* Frameworks */ = {
			isa = PBXFrameworksBuildPhase;
			buildActionMask = 2147483647;
			files = (
				5424F3FA15CC122600394084 /* UIKit.framework in Frameworks */,
				5424F3FC15CC122600394084 /* Foundation.framework in Frameworks */,
				5424F3FE15CC122600394084 /* CoreGraphics.framework in Frameworks */,
			);
			runOnlyForDeploymentPostprocessing = 0;
		};
		5424F41815CC122700394084 /* Frameworks */ = {
			isa = PBXFrameworksBuildPhase;
			buildActionMask = 2147483647;
			files = (
				5424F41E15CC122700394084 /* SenTestingKit.framework in Frameworks */,
				5424F41F15CC122700394084 /* UIKit.framework in Frameworks */,
				5424F42015CC122700394084 /* Foundation.framework in Frameworks */,
			);
			runOnlyForDeploymentPostprocessing = 0;
		};
/* End PBXFrameworksBuildPhase section */

/* Begin PBXGroup section */
		5424F3EA15CC122600394084 = {
			isa = PBXGroup;
			children = (
				5424F44315CC2A2F00394084 /* UploadcareKit.xcodeproj */,
				5424F3FF15CC122600394084 /* WidgetExample */,
				5424F42315CC122700394084 /* WidgetExampleTests */,
				5424F3F815CC122600394084 /* Frameworks */,
				5424F3F615CC122600394084 /* Products */,
			);
			sourceTree = "<group>";
		};
		5424F3F615CC122600394084 /* Products */ = {
			isa = PBXGroup;
			children = (
				5424F3F515CC122600394084 /* WidgetExample.app */,
				5424F41C15CC122700394084 /* WidgetExampleTests.octest */,
			);
			name = Products;
			sourceTree = "<group>";
		};
		5424F3F815CC122600394084 /* Frameworks */ = {
			isa = PBXGroup;
			children = (
				5424F3F915CC122600394084 /* UIKit.framework */,
				5424F3FB15CC122600394084 /* Foundation.framework */,
				5424F3FD15CC122600394084 /* CoreGraphics.framework */,
				5424F41D15CC122700394084 /* SenTestingKit.framework */,
			);
			name = Frameworks;
			sourceTree = "<group>";
		};
		5424F3FF15CC122600394084 /* WidgetExample */ = {
			isa = PBXGroup;
			children = (
				5424F44215CC134400394084 /* UploadcareWidget */,
				5424F40815CC122700394084 /* AppDelegate.h */,
				5424F40915CC122700394084 /* AppDelegate.m */,
				5424F40B15CC122700394084 /* MasterViewController.h */,
				5424F40C15CC122700394084 /* MasterViewController.m */,
				5424F40E15CC122700394084 /* DetailViewController.h */,
				5424F40F15CC122700394084 /* DetailViewController.m */,
				5424F41115CC122700394084 /* MasterViewController.xib */,
				5424F41415CC122700394084 /* DetailViewController.xib */,
				5424F40015CC122600394084 /* Supporting Files */,
			);
			path = WidgetExample;
			sourceTree = "<group>";
		};
		5424F40015CC122600394084 /* Supporting Files */ = {
			isa = PBXGroup;
			children = (
				5424F40115CC122600394084 /* WidgetExample-Info.plist */,
				5424F40215CC122700394084 /* InfoPlist.strings */,
				5424F40515CC122700394084 /* main.m */,
				5424F40715CC122700394084 /* WidgetExample-Prefix.pch */,
			);
			name = "Supporting Files";
			sourceTree = "<group>";
		};
		5424F42315CC122700394084 /* WidgetExampleTests */ = {
			isa = PBXGroup;
			children = (
				5424F42915CC122700394084 /* WidgetExampleTests.h */,
				5424F42A15CC122700394084 /* WidgetExampleTests.m */,
				5424F42415CC122700394084 /* Supporting Files */,
			);
			path = WidgetExampleTests;
			sourceTree = "<group>";
		};
		5424F42415CC122700394084 /* Supporting Files */ = {
			isa = PBXGroup;
			children = (
				5424F42515CC122700394084 /* WidgetExampleTests-Info.plist */,
				5424F42615CC122700394084 /* InfoPlist.strings */,
			);
			name = "Supporting Files";
			sourceTree = "<group>";
		};
		5424F44215CC134400394084 /* UploadcareWidget */ = {
			isa = PBXGroup;
			children = (
				5424F43D15CC133600394084 /* UploadcareWidget.h */,
				5424F43E15CC133600394084 /* UploadcareWidget.m */,
				5424F43F15CC133600394084 /* UploadcareWidget.xib */,
			);
			name = UploadcareWidget;
			sourceTree = "<group>";
		};
/* End PBXGroup section */

/* Begin PBXNativeTarget section */
		5424F3F415CC122600394084 /* WidgetExample */ = {
			isa = PBXNativeTarget;
			buildConfigurationList = 5424F42E15CC122700394084 /* Build configuration list for PBXNativeTarget "WidgetExample" */;
			buildPhases = (
				5424F3F115CC122600394084 /* Sources */,
				5424F3F215CC122600394084 /* Frameworks */,
				5424F3F315CC122600394084 /* Resources */,
			);
			buildRules = (
			);
			dependencies = (
			);
			name = WidgetExample;
			productName = WidgetExample;
			productReference = 5424F3F515CC122600394084 /* WidgetExample.app */;
			productType = "com.apple.product-type.application";
		};
		5424F41B15CC122700394084 /* WidgetExampleTests */ = {
			isa = PBXNativeTarget;
			buildConfigurationList = 5424F43115CC122700394084 /* Build configuration list for PBXNativeTarget "WidgetExampleTests" */;
			buildPhases = (
				5424F41715CC122700394084 /* Sources */,
				5424F41815CC122700394084 /* Frameworks */,
				5424F41915CC122700394084 /* Resources */,
				5424F41A15CC122700394084 /* ShellScript */,
			);
			buildRules = (
			);
			dependencies = (
				5424F42215CC122700394084 /* PBXTargetDependency */,
			);
			name = WidgetExampleTests;
			productName = WidgetExampleTests;
			productReference = 5424F41C15CC122700394084 /* WidgetExampleTests.octest */;
			productType = "com.apple.product-type.bundle";
		};
/* End PBXNativeTarget section */

/* Begin PBXProject section */
		5424F3EC15CC122600394084 /* Project object */ = {
			isa = PBXProject;
			attributes = {
				LastUpgradeCheck = 0440;
				ORGANIZATIONNAME = Uploadcare;
			};
			buildConfigurationList = 5424F3EF15CC122600394084 /* Build configuration list for PBXProject "WidgetExample" */;
			compatibilityVersion = "Xcode 3.2";
			developmentRegion = English;
			hasScannedForEncodings = 0;
			knownRegions = (
				en,
			);
			mainGroup = 5424F3EA15CC122600394084;
			productRefGroup = 5424F3F615CC122600394084 /* Products */;
			projectDirPath = "";
			projectRoot = "";
			targets = (
				5424F3F415CC122600394084 /* WidgetExample */,
				5424F41B15CC122700394084 /* WidgetExampleTests */,
			);
		};
/* End PBXProject section */

/* Begin PBXResourcesBuildPhase section */
		5424F3F315CC122600394084 /* Resources */ = {
			isa = PBXResourcesBuildPhase;
			buildActionMask = 2147483647;
			files = (
				5424F40415CC122700394084 /* InfoPlist.strings in Resources */,
				5424F41315CC122700394084 /* MasterViewController.xib in Resources */,
				5424F41615CC122700394084 /* DetailViewController.xib in Resources */,
				5424F44115CC133600394084 /* UploadcareWidget.xib in Resources */,
				5424F44415CC2A2F00394084 /* UploadcareKit.xcodeproj in Resources */,
			);
			runOnlyForDeploymentPostprocessing = 0;
		};
		5424F41915CC122700394084 /* Resources */ = {
			isa = PBXResourcesBuildPhase;
			buildActionMask = 2147483647;
			files = (
				5424F42815CC122700394084 /* InfoPlist.strings in Resources */,
			);
			runOnlyForDeploymentPostprocessing = 0;
		};
/* End PBXResourcesBuildPhase section */

/* Begin PBXShellScriptBuildPhase section */
		5424F41A15CC122700394084 /* ShellScript */ = {
			isa = PBXShellScriptBuildPhase;
			buildActionMask = 2147483647;
			files = (
			);
			inputPaths = (
			);
			outputPaths = (
			);
			runOnlyForDeploymentPostprocessing = 0;
			shellPath = /bin/sh;
			shellScript = "# Run the unit tests in this test bundle.\n\"${SYSTEM_DEVELOPER_DIR}/Tools/RunUnitTests\"\n";
		};
/* End PBXShellScriptBuildPhase section */

/* Begin PBXSourcesBuildPhase section */
		5424F3F115CC122600394084 /* Sources */ = {
			isa = PBXSourcesBuildPhase;
			buildActionMask = 2147483647;
			files = (
				5424F40615CC122700394084 /* main.m in Sources */,
				5424F40A15CC122700394084 /* AppDelegate.m in Sources */,
				5424F40D15CC122700394084 /* MasterViewController.m in Sources */,
				5424F41015CC122700394084 /* DetailViewController.m in Sources */,
				5424F44015CC133600394084 /* UploadcareWidget.m in Sources */,
			);
			runOnlyForDeploymentPostprocessing = 0;
		};
		5424F41715CC122700394084 /* Sources */ = {
			isa = PBXSourcesBuildPhase;
			buildActionMask = 2147483647;
			files = (
				5424F42B15CC122700394084 /* WidgetExampleTests.m in Sources */,
			);
			runOnlyForDeploymentPostprocessing = 0;
		};
/* End PBXSourcesBuildPhase section */

/* Begin PBXTargetDependency section */
		5424F42215CC122700394084 /* PBXTargetDependency */ = {
			isa = PBXTargetDependency;
			target = 5424F3F415CC122600394084 /* WidgetExample */;
			targetProxy = 5424F42115CC122700394084 /* PBXContainerItemProxy */;
		};
/* End PBXTargetDependency section */

/* Begin PBXVariantGroup section */
		5424F40215CC122700394084 /* InfoPlist.strings */ = {
			isa = PBXVariantGroup;
			children = (
				5424F40315CC122700394084 /* en */,
			);
			name = InfoPlist.strings;
			sourceTree = "<group>";
		};
		5424F41115CC122700394084 /* MasterViewController.xib */ = {
			isa = PBXVariantGroup;
			children = (
				5424F41215CC122700394084 /* en */,
			);
			name = MasterViewController.xib;
			sourceTree = "<group>";
		};
		5424F41415CC122700394084 /* DetailViewController.xib */ = {
			isa = PBXVariantGroup;
			children = (
				5424F41515CC122700394084 /* en */,
			);
			name = DetailViewController.xib;
			sourceTree = "<group>";
		};
		5424F42615CC122700394084 /* InfoPlist.strings */ = {
			isa = PBXVariantGroup;
			children = (
				5424F42715CC122700394084 /* en */,
			);
			name = InfoPlist.strings;
			sourceTree = "<group>";
		};
/* End PBXVariantGroup section */

/* Begin XCBuildConfiguration section */
		5424F42C15CC122700394084 /* Debug */ = {
			isa = XCBuildConfiguration;
			buildSettings = {
				ALWAYS_SEARCH_USER_PATHS = NO;
				ARCHS = "$(ARCHS_STANDARD_32_BIT)";
				CLANG_CXX_LANGUAGE_STANDARD = "gnu++0x";
				CLANG_ENABLE_OBJC_ARC = YES;
				CLANG_WARN__DUPLICATE_METHOD_MATCH = YES;
				"CODE_SIGN_IDENTITY[sdk=iphoneos*]" = "iPhone Developer";
				COPY_PHASE_STRIP = NO;
				GCC_C_LANGUAGE_STANDARD = gnu99;
				GCC_DYNAMIC_NO_PIC = NO;
				GCC_OPTIMIZATION_LEVEL = 0;
				GCC_PREPROCESSOR_DEFINITIONS = (
					"DEBUG=1",
					"$(inherited)",
				);
				GCC_SYMBOLS_PRIVATE_EXTERN = NO;
				GCC_VERSION = com.apple.compilers.llvm.clang.1_0;
				GCC_WARN_ABOUT_RETURN_TYPE = YES;
				GCC_WARN_UNINITIALIZED_AUTOS = YES;
				GCC_WARN_UNUSED_VARIABLE = YES;
				IPHONEOS_DEPLOYMENT_TARGET = 5.1;
				SDKROOT = iphoneos;
			};
			name = Debug;
		};
		5424F42D15CC122700394084 /* Release */ = {
			isa = XCBuildConfiguration;
			buildSettings = {
				ALWAYS_SEARCH_USER_PATHS = NO;
				ARCHS = "$(ARCHS_STANDARD_32_BIT)";
				CLANG_CXX_LANGUAGE_STANDARD = "gnu++0x";
				CLANG_ENABLE_OBJC_ARC = YES;
				CLANG_WARN__DUPLICATE_METHOD_MATCH = YES;
				"CODE_SIGN_IDENTITY[sdk=iphoneos*]" = "iPhone Developer";
				COPY_PHASE_STRIP = YES;
				GCC_C_LANGUAGE_STANDARD = gnu99;
				GCC_VERSION = com.apple.compilers.llvm.clang.1_0;
				GCC_WARN_ABOUT_RETURN_TYPE = YES;
				GCC_WARN_UNINITIALIZED_AUTOS = YES;
				GCC_WARN_UNUSED_VARIABLE = YES;
				IPHONEOS_DEPLOYMENT_TARGET = 5.1;
				OTHER_CFLAGS = "-DNS_BLOCK_ASSERTIONS=1";
				SDKROOT = iphoneos;
				VALIDATE_PRODUCT = YES;
			};
			name = Release;
		};
		5424F42F15CC122700394084 /* Debug */ = {
			isa = XCBuildConfiguration;
			buildSettings = {
				GCC_PRECOMPILE_PREFIX_HEADER = YES;
				GCC_PREFIX_HEADER = "WidgetExample/WidgetExample-Prefix.pch";
				INFOPLIST_FILE = "WidgetExample/WidgetExample-Info.plist";
				PRODUCT_NAME = "$(TARGET_NAME)";
				USER_HEADER_SEARCH_PATHS = ./../../UploadcareKit/UploadcareKit;
				WRAPPER_EXTENSION = app;
			};
			name = Debug;
		};
		5424F43015CC122700394084 /* Release */ = {
			isa = XCBuildConfiguration;
			buildSettings = {
				GCC_PRECOMPILE_PREFIX_HEADER = YES;
				GCC_PREFIX_HEADER = "WidgetExample/WidgetExample-Prefix.pch";
				INFOPLIST_FILE = "WidgetExample/WidgetExample-Info.plist";
				PRODUCT_NAME = "$(TARGET_NAME)";
				USER_HEADER_SEARCH_PATHS = ./../../UploadcareKit/UploadcareKit;
				WRAPPER_EXTENSION = app;
			};
			name = Release;
		};
		5424F43215CC122700394084 /* Debug */ = {
			isa = XCBuildConfiguration;
			buildSettings = {
				BUNDLE_LOADER = "$(BUILT_PRODUCTS_DIR)/WidgetExample.app/WidgetExample";
				FRAMEWORK_SEARCH_PATHS = (
					"\"$(SDKROOT)/Developer/Library/Frameworks\"",
					"\"$(DEVELOPER_LIBRARY_DIR)/Frameworks\"",
				);
				GCC_PRECOMPILE_PREFIX_HEADER = YES;
				GCC_PREFIX_HEADER = "WidgetExample/WidgetExample-Prefix.pch";
				INFOPLIST_FILE = "WidgetExampleTests/WidgetExampleTests-Info.plist";
				PRODUCT_NAME = "$(TARGET_NAME)";
				TEST_HOST = "$(BUNDLE_LOADER)";
				WRAPPER_EXTENSION = octest;
			};
			name = Debug;
		};
		5424F43315CC122700394084 /* Release */ = {
			isa = XCBuildConfiguration;
			buildSettings = {
				BUNDLE_LOADER = "$(BUILT_PRODUCTS_DIR)/WidgetExample.app/WidgetExample";
				FRAMEWORK_SEARCH_PATHS = (
					"\"$(SDKROOT)/Developer/Library/Frameworks\"",
					"\"$(DEVELOPER_LIBRARY_DIR)/Frameworks\"",
				);
				GCC_PRECOMPILE_PREFIX_HEADER = YES;
				GCC_PREFIX_HEADER = "WidgetExample/WidgetExample-Prefix.pch";
				INFOPLIST_FILE = "WidgetExampleTests/WidgetExampleTests-Info.plist";
				PRODUCT_NAME = "$(TARGET_NAME)";
				TEST_HOST = "$(BUNDLE_LOADER)";
				WRAPPER_EXTENSION = octest;
			};
			name = Release;
		};
/* End XCBuildConfiguration section */

/* Begin XCConfigurationList section */
		5424F3EF15CC122600394084 /* Build configuration list for PBXProject "WidgetExample" */ = {
			isa = XCConfigurationList;
			buildConfigurations = (
				5424F42C15CC122700394084 /* Debug */,
				5424F42D15CC122700394084 /* Release */,
			);
			defaultConfigurationIsVisible = 0;
			defaultConfigurationName = Release;
		};
		5424F42E15CC122700394084 /* Build configuration list for PBXNativeTarget "WidgetExample" */ = {
			isa = XCConfigurationList;
			buildConfigurations = (
				5424F42F15CC122700394084 /* Debug */,
				5424F43015CC122700394084 /* Release */,
			);
			defaultConfigurationIsVisible = 0;
		};
		5424F43115CC122700394084 /* Build configuration list for PBXNativeTarget "WidgetExampleTests" */ = {
			isa = XCConfigurationList;
			buildConfigurations = (
				5424F43215CC122700394084 /* Debug */,
				5424F43315CC122700394084 /* Release */,
			);
			defaultConfigurationIsVisible = 0;
		};
/* End XCConfigurationList section */
	};
	rootObject = 5424F3EC15CC122600394084 /* Project object */;
}
