// !$*UTF8*$!
{
	archiveVersion = 1;
	classes = {
	};
	objectVersion = 46;
	objects = {

/* Begin PBXBuildFile section */
		6F0467CD1689C26C009C4C67 /* USSilverButton.png in Resources */ = {isa = PBXBuildFile; fileRef = 6F0467CB1689C26C009C4C67 /* USSilverButton.png */; };
		6F0467CE1689C26C009C4C67 /* USSilverButton@2x.png in Resources */ = {isa = PBXBuildFile; fileRef = 6F0467CC1689C26C009C4C67 /* USSilverButton@2x.png */; };
		6F0641C91673AA2C009417A4 /* UIKit.framework in Frameworks */ = {isa = PBXBuildFile; fileRef = 6F0641C81673AA2C009417A4 /* UIKit.framework */; };
		6F0641CB1673AA2C009417A4 /* Foundation.framework in Frameworks */ = {isa = PBXBuildFile; fileRef = 6F0641CA1673AA2C009417A4 /* Foundation.framework */; };
		6F0641CD1673AA2C009417A4 /* CoreGraphics.framework in Frameworks */ = {isa = PBXBuildFile; fileRef = 6F0641CC1673AA2C009417A4 /* CoreGraphics.framework */; };
		6F0641D31673AA2C009417A4 /* InfoPlist.strings in Resources */ = {isa = PBXBuildFile; fileRef = 6F0641D11673AA2C009417A4 /* InfoPlist.strings */; };
		6F0641D51673AA2C009417A4 /* main.m in Sources */ = {isa = PBXBuildFile; fileRef = 6F0641D41673AA2C009417A4 /* main.m */; };
		6F0641D91673AA2C009417A4 /* USAppDelegate.m in Sources */ = {isa = PBXBuildFile; fileRef = 6F0641D81673AA2C009417A4 /* USAppDelegate.m */; };
		6F0641DB1673AA2C009417A4 /* Default.png in Resources */ = {isa = PBXBuildFile; fileRef = 6F0641DA1673AA2C009417A4 /* Default.png */; };
		6F0641DD1673AA2C009417A4 /* Default@2x.png in Resources */ = {isa = PBXBuildFile; fileRef = 6F0641DC1673AA2C009417A4 /* Default@2x.png */; };
		6F0641DF1673AA2C009417A4 /* Default-568h@2x.png in Resources */ = {isa = PBXBuildFile; fileRef = 6F0641DE1673AA2C009417A4 /* Default-568h@2x.png */; };
		6F0641E21673AA2C009417A4 /* USViewController.m in Sources */ = {isa = PBXBuildFile; fileRef = 6F0641E11673AA2C009417A4 /* USViewController.m */; };
		6F0705A716788F7100DD3100 /* USUploadBezel.png in Resources */ = {isa = PBXBuildFile; fileRef = 6F0705A516788F7100DD3100 /* USUploadBezel.png */; };
		6F0705A816788F7100DD3100 /* USUploadBezel@2x.png in Resources */ = {isa = PBXBuildFile; fileRef = 6F0705A616788F7100DD3100 /* USUploadBezel@2x.png */; };
		6F5D26721688C7C000C7BDC5 /* ARChromeActivity.m in Sources */ = {isa = PBXBuildFile; fileRef = 6F5D266D1688C7C000C7BDC5 /* ARChromeActivity.m */; };
		6F5D26731688C7C000C7BDC5 /* ARChromeActivity.png in Resources */ = {isa = PBXBuildFile; fileRef = 6F5D266E1688C7C000C7BDC5 /* ARChromeActivity.png */; };
		6F5D26741688C7C000C7BDC5 /* ARChromeActivity@2x.png in Resources */ = {isa = PBXBuildFile; fileRef = 6F5D266F1688C7C000C7BDC5 /* ARChromeActivity@2x.png */; };
		6F5D26751688C7C000C7BDC5 /* ARChromeActivity@2x~ipad.png in Resources */ = {isa = PBXBuildFile; fileRef = 6F5D26701688C7C000C7BDC5 /* ARChromeActivity@2x~ipad.png */; };
		6F5D26761688C7C000C7BDC5 /* ARChromeActivity~ipad.png in Resources */ = {isa = PBXBuildFile; fileRef = 6F5D26711688C7C000C7BDC5 /* ARChromeActivity~ipad.png */; };
		6F5D267C1688D59800C7BDC5 /* Settings.bundle in Resources */ = {isa = PBXBuildFile; fileRef = 6F5D267B1688D59800C7BDC5 /* Settings.bundle */; };
		6F5D26951688E49300C7BDC5 /* TUSafariActivity.strings in Resources */ = {isa = PBXBuildFile; fileRef = 6F5D267E1688E49300C7BDC5 /* TUSafariActivity.strings */; };
		6F5D26961688E49300C7BDC5 /* Safari.png in Resources */ = {isa = PBXBuildFile; fileRef = 6F5D268B1688E49300C7BDC5 /* Safari.png */; };
		6F5D26971688E49300C7BDC5 /* Safari@2x.png in Resources */ = {isa = PBXBuildFile; fileRef = 6F5D268C1688E49300C7BDC5 /* Safari@2x.png */; };
		6F5D26981688E49300C7BDC5 /* Safari@2x~ipad.png in Resources */ = {isa = PBXBuildFile; fileRef = 6F5D268D1688E49300C7BDC5 /* Safari@2x~ipad.png */; };
		6F5D26991688E49300C7BDC5 /* Safari~ipad.png in Resources */ = {isa = PBXBuildFile; fileRef = 6F5D268E1688E49300C7BDC5 /* Safari~ipad.png */; };
		6F5D269A1688E49300C7BDC5 /* TUSafariActivity.m in Sources */ = {isa = PBXBuildFile; fileRef = 6F5D26921688E49300C7BDC5 /* TUSafariActivity.m */; };
		6F5D27301689908800C7BDC5 /* ToolbarIcon.png in Resources */ = {isa = PBXBuildFile; fileRef = 6F5D272E1689908800C7BDC5 /* ToolbarIcon.png */; };
		6F5D27311689908800C7BDC5 /* ToolbarIcon@2x.png in Resources */ = {isa = PBXBuildFile; fileRef = 6F5D272F1689908800C7BDC5 /* ToolbarIcon@2x.png */; };
		6F5D273C16899B1700C7BDC5 /* USCloud.png in Resources */ = {isa = PBXBuildFile; fileRef = 6F5D273A16899B1700C7BDC5 /* USCloud.png */; };
		6F5D273D16899B1700C7BDC5 /* USCloud@2x.png in Resources */ = {isa = PBXBuildFile; fileRef = 6F5D273B16899B1700C7BDC5 /* USCloud@2x.png */; };
		6F5DC7DF1678BC8D00CEF3D7 /* CoreImage.framework in Frameworks */ = {isa = PBXBuildFile; fileRef = 6F5DC7DE1678BC8D00CEF3D7 /* CoreImage.framework */; };
		6F5DC7E31678DB8800CEF3D7 /* Icon.png in Resources */ = {isa = PBXBuildFile; fileRef = 6F5DC7E11678DB8700CEF3D7 /* Icon.png */; };
		6F5DC7E41678DB8800CEF3D7 /* Icon@2x.png in Resources */ = {isa = PBXBuildFile; fileRef = 6F5DC7E21678DB8800CEF3D7 /* Icon@2x.png */; };
		6F7280351689D1F90080A172 /* USShareIcon.png in Resources */ = {isa = PBXBuildFile; fileRef = 6F7280331689D1F90080A172 /* USShareIcon.png */; };
		6F7280361689D1F90080A172 /* USShareIcon@2x.png in Resources */ = {isa = PBXBuildFile; fileRef = 6F7280341689D1F90080A172 /* USShareIcon@2x.png */; };
		6F72803A1689D4B40080A172 /* USSilverButtonDepressed.png in Resources */ = {isa = PBXBuildFile; fileRef = 6F7280381689D4B40080A172 /* USSilverButtonDepressed.png */; };
		6F72803B1689D4B40080A172 /* USSilverButtonDepressed@2x.png in Resources */ = {isa = PBXBuildFile; fileRef = 6F7280391689D4B40080A172 /* USSilverButtonDepressed@2x.png */; };
		6FBBA823167884700017C428 /* USViewController.xib in Resources */ = {isa = PBXBuildFile; fileRef = 6FBBA821167884700017C428 /* USViewController.xib */; };
		A3B5C3DF94EA43CBBB637C64 /* libPods.a in Frameworks */ = {isa = PBXBuildFile; fileRef = 7636672D8B104549AC9FEE10 /* libPods.a */; };
/* End PBXBuildFile section */

/* Begin PBXFileReference section */
		6F0467CB1689C26C009C4C67 /* USSilverButton.png */ = {isa = PBXFileReference; lastKnownFileType = image.png; path = USSilverButton.png; sourceTree = "<group>"; };
		6F0467CC1689C26C009C4C67 /* USSilverButton@2x.png */ = {isa = PBXFileReference; lastKnownFileType = image.png; path = "USSilverButton@2x.png"; sourceTree = "<group>"; };
		6F0641C41673AA2C009417A4 /* uShare.app */ = {isa = PBXFileReference; explicitFileType = wrapper.application; includeInIndex = 0; path = uShare.app; sourceTree = BUILT_PRODUCTS_DIR; };
		6F0641C81673AA2C009417A4 /* UIKit.framework */ = {isa = PBXFileReference; includeInIndex = 1; lastKnownFileType = wrapper.framework; name = UIKit.framework; path = System/Library/Frameworks/UIKit.framework; sourceTree = SDKROOT; };
		6F0641CA1673AA2C009417A4 /* Foundation.framework */ = {isa = PBXFileReference; includeInIndex = 1; lastKnownFileType = wrapper.framework; name = Foundation.framework; path = System/Library/Frameworks/Foundation.framework; sourceTree = SDKROOT; };
		6F0641CC1673AA2C009417A4 /* CoreGraphics.framework */ = {isa = PBXFileReference; includeInIndex = 1; lastKnownFileType = wrapper.framework; name = CoreGraphics.framework; path = System/Library/Frameworks/CoreGraphics.framework; sourceTree = SDKROOT; };
		6F0641D21673AA2C009417A4 /* en */ = {isa = PBXFileReference; lastKnownFileType = text.plist.strings; name = en; path = en.lproj/InfoPlist.strings; sourceTree = "<group>"; };
		6F0641D41673AA2C009417A4 /* main.m */ = {isa = PBXFileReference; lastKnownFileType = sourcecode.c.objc; path = main.m; sourceTree = "<group>"; };
		6F0641D71673AA2C009417A4 /* USAppDelegate.h */ = {isa = PBXFileReference; lastKnownFileType = sourcecode.c.h; path = USAppDelegate.h; sourceTree = "<group>"; };
		6F0641D81673AA2C009417A4 /* USAppDelegate.m */ = {isa = PBXFileReference; lastKnownFileType = sourcecode.c.objc; path = USAppDelegate.m; sourceTree = "<group>"; };
		6F0641DA1673AA2C009417A4 /* Default.png */ = {isa = PBXFileReference; lastKnownFileType = image.png; path = Default.png; sourceTree = "<group>"; };
		6F0641DC1673AA2C009417A4 /* Default@2x.png */ = {isa = PBXFileReference; lastKnownFileType = image.png; path = "Default@2x.png"; sourceTree = "<group>"; };
		6F0641DE1673AA2C009417A4 /* Default-568h@2x.png */ = {isa = PBXFileReference; lastKnownFileType = image.png; path = "Default-568h@2x.png"; sourceTree = "<group>"; };
		6F0641E01673AA2C009417A4 /* USViewController.h */ = {isa = PBXFileReference; lastKnownFileType = sourcecode.c.h; path = USViewController.h; sourceTree = "<group>"; };
		6F0641E11673AA2C009417A4 /* USViewController.m */ = {isa = PBXFileReference; lastKnownFileType = sourcecode.c.objc; path = USViewController.m; sourceTree = "<group>"; };
		6F0705A516788F7100DD3100 /* USUploadBezel.png */ = {isa = PBXFileReference; lastKnownFileType = image.png; path = USUploadBezel.png; sourceTree = "<group>"; };
		6F0705A616788F7100DD3100 /* USUploadBezel@2x.png */ = {isa = PBXFileReference; lastKnownFileType = image.png; path = "USUploadBezel@2x.png"; sourceTree = "<group>"; };
		6F5D266C1688C7C000C7BDC5 /* ARChromeActivity.h */ = {isa = PBXFileReference; fileEncoding = 4; lastKnownFileType = sourcecode.c.h; path = ARChromeActivity.h; sourceTree = "<group>"; };
		6F5D266D1688C7C000C7BDC5 /* ARChromeActivity.m */ = {isa = PBXFileReference; fileEncoding = 4; lastKnownFileType = sourcecode.c.objc; path = ARChromeActivity.m; sourceTree = "<group>"; };
		6F5D266E1688C7C000C7BDC5 /* ARChromeActivity.png */ = {isa = PBXFileReference; lastKnownFileType = image.png; path = ARChromeActivity.png; sourceTree = "<group>"; };
		6F5D266F1688C7C000C7BDC5 /* ARChromeActivity@2x.png */ = {isa = PBXFileReference; lastKnownFileType = image.png; path = "ARChromeActivity@2x.png"; sourceTree = "<group>"; };
		6F5D26701688C7C000C7BDC5 /* ARChromeActivity@2x~ipad.png */ = {isa = PBXFileReference; lastKnownFileType = image.png; path = "ARChromeActivity@2x~ipad.png"; sourceTree = "<group>"; };
		6F5D26711688C7C000C7BDC5 /* ARChromeActivity~ipad.png */ = {isa = PBXFileReference; lastKnownFileType = image.png; path = "ARChromeActivity~ipad.png"; sourceTree = "<group>"; };
		6F5D267B1688D59800C7BDC5 /* Settings.bundle */ = {isa = PBXFileReference; lastKnownFileType = "wrapper.plug-in"; path = Settings.bundle; sourceTree = "<group>"; };
		6F5D267F1688E49300C7BDC5 /* cs */ = {isa = PBXFileReference; lastKnownFileType = text.plist.strings; name = cs; path = cs.lproj/TUSafariActivity.strings; sourceTree = "<group>"; };
		6F5D26801688E49300C7BDC5 /* de */ = {isa = PBXFileReference; lastKnownFileType = text.plist.strings; name = de; path = de.lproj/TUSafariActivity.strings; sourceTree = "<group>"; };
		6F5D26811688E49300C7BDC5 /* en */ = {isa = PBXFileReference; lastKnownFileType = text.plist.strings; name = en; path = en.lproj/TUSafariActivity.strings; sourceTree = "<group>"; };
		6F5D26821688E49300C7BDC5 /* es */ = {isa = PBXFileReference; lastKnownFileType = text.plist.strings; name = es; path = es.lproj/TUSafariActivity.strings; sourceTree = "<group>"; };
		6F5D26831688E49300C7BDC5 /* eu */ = {isa = PBXFileReference; lastKnownFileType = text.plist.strings; name = eu; path = eu.lproj/TUSafariActivity.strings; sourceTree = "<group>"; };
		6F5D26841688E49300C7BDC5 /* fr */ = {isa = PBXFileReference; lastKnownFileType = text.plist.strings; name = fr; path = fr.lproj/TUSafariActivity.strings; sourceTree = "<group>"; };
		6F5D26851688E49300C7BDC5 /* it */ = {isa = PBXFileReference; lastKnownFileType = text.plist.strings; name = it; path = it.lproj/TUSafariActivity.strings; sourceTree = "<group>"; };
		6F5D26861688E49300C7BDC5 /* ja */ = {isa = PBXFileReference; lastKnownFileType = text.plist.strings; name = ja; path = ja.lproj/TUSafariActivity.strings; sourceTree = "<group>"; };
		6F5D26871688E49300C7BDC5 /* ko */ = {isa = PBXFileReference; lastKnownFileType = text.plist.strings; name = ko; path = ko.lproj/TUSafariActivity.strings; sourceTree = "<group>"; };
		6F5D26881688E49300C7BDC5 /* nl */ = {isa = PBXFileReference; lastKnownFileType = text.plist.strings; name = nl; path = nl.lproj/TUSafariActivity.strings; sourceTree = "<group>"; };
		6F5D26891688E49300C7BDC5 /* no */ = {isa = PBXFileReference; lastKnownFileType = text.plist.strings; name = no; path = no.lproj/TUSafariActivity.strings; sourceTree = "<group>"; };
		6F5D268A1688E49300C7BDC5 /* ru */ = {isa = PBXFileReference; lastKnownFileType = text.plist.strings; name = ru; path = ru.lproj/TUSafariActivity.strings; sourceTree = "<group>"; };
		6F5D268B1688E49300C7BDC5 /* Safari.png */ = {isa = PBXFileReference; lastKnownFileType = image.png; path = Safari.png; sourceTree = "<group>"; };
		6F5D268C1688E49300C7BDC5 /* Safari@2x.png */ = {isa = PBXFileReference; lastKnownFileType = image.png; path = "Safari@2x.png"; sourceTree = "<group>"; };
		6F5D268D1688E49300C7BDC5 /* Safari@2x~ipad.png */ = {isa = PBXFileReference; lastKnownFileType = image.png; path = "Safari@2x~ipad.png"; sourceTree = "<group>"; };
		6F5D268E1688E49300C7BDC5 /* Safari~ipad.png */ = {isa = PBXFileReference; lastKnownFileType = image.png; path = "Safari~ipad.png"; sourceTree = "<group>"; };
		6F5D268F1688E49300C7BDC5 /* sk */ = {isa = PBXFileReference; lastKnownFileType = text.plist.strings; name = sk; path = sk.lproj/TUSafariActivity.strings; sourceTree = "<group>"; };
		6F5D26901688E49300C7BDC5 /* sv */ = {isa = PBXFileReference; lastKnownFileType = text.plist.strings; name = sv; path = sv.lproj/TUSafariActivity.strings; sourceTree = "<group>"; };
		6F5D26911688E49300C7BDC5 /* TUSafariActivity.h */ = {isa = PBXFileReference; fileEncoding = 4; lastKnownFileType = sourcecode.c.h; path = TUSafariActivity.h; sourceTree = "<group>"; };
		6F5D26921688E49300C7BDC5 /* TUSafariActivity.m */ = {isa = PBXFileReference; fileEncoding = 4; lastKnownFileType = sourcecode.c.objc; path = TUSafariActivity.m; sourceTree = "<group>"; };
		6F5D26931688E49300C7BDC5 /* vi */ = {isa = PBXFileReference; lastKnownFileType = text.plist.strings; name = vi; path = vi.lproj/TUSafariActivity.strings; sourceTree = "<group>"; };
		6F5D26941688E49300C7BDC5 /* zh_CN */ = {isa = PBXFileReference; lastKnownFileType = text.plist.strings; name = zh_CN; path = zh_CN.lproj/TUSafariActivity.strings; sourceTree = "<group>"; };
		6F5D272E1689908800C7BDC5 /* ToolbarIcon.png */ = {isa = PBXFileReference; lastKnownFileType = image.png; name = ToolbarIcon.png; path = ../../uShare/ushare/ToolbarIcon.png; sourceTree = "<group>"; };
		6F5D272F1689908800C7BDC5 /* ToolbarIcon@2x.png */ = {isa = PBXFileReference; lastKnownFileType = image.png; name = "ToolbarIcon@2x.png"; path = "../../uShare/ushare/ToolbarIcon@2x.png"; sourceTree = "<group>"; };
		6F5D273A16899B1700C7BDC5 /* USCloud.png */ = {isa = PBXFileReference; lastKnownFileType = image.png; path = USCloud.png; sourceTree = "<group>"; };
		6F5D273B16899B1700C7BDC5 /* USCloud@2x.png */ = {isa = PBXFileReference; lastKnownFileType = image.png; path = "USCloud@2x.png"; sourceTree = "<group>"; };
		6F5DC7DE1678BC8D00CEF3D7 /* CoreImage.framework */ = {isa = PBXFileReference; lastKnownFileType = wrapper.framework; name = CoreImage.framework; path = System/Library/Frameworks/CoreImage.framework; sourceTree = SDKROOT; };
		6F5DC7E11678DB8700CEF3D7 /* Icon.png */ = {isa = PBXFileReference; lastKnownFileType = image.png; path = Icon.png; sourceTree = "<group>"; };
		6F5DC7E21678DB8800CEF3D7 /* Icon@2x.png */ = {isa = PBXFileReference; lastKnownFileType = image.png; path = "Icon@2x.png"; sourceTree = "<group>"; };
		6F7280331689D1F90080A172 /* USShareIcon.png */ = {isa = PBXFileReference; lastKnownFileType = image.png; path = USShareIcon.png; sourceTree = "<group>"; };
		6F7280341689D1F90080A172 /* USShareIcon@2x.png */ = {isa = PBXFileReference; lastKnownFileType = image.png; path = "USShareIcon@2x.png"; sourceTree = "<group>"; };
		6F7280381689D4B40080A172 /* USSilverButtonDepressed.png */ = {isa = PBXFileReference; lastKnownFileType = image.png; path = USSilverButtonDepressed.png; sourceTree = "<group>"; };
		6F7280391689D4B40080A172 /* USSilverButtonDepressed@2x.png */ = {isa = PBXFileReference; lastKnownFileType = image.png; path = "USSilverButtonDepressed@2x.png"; sourceTree = "<group>"; };
		6F9301251678DE420030E8AB /* uShare-Prefix.pch */ = {isa = PBXFileReference; fileEncoding = 4; lastKnownFileType = sourcecode.c.h; path = "uShare-Prefix.pch"; sourceTree = "<group>"; };
		6F9301261678DE420030E8AB /* uShare.plist */ = {isa = PBXFileReference; fileEncoding = 4; lastKnownFileType = text.plist.xml; path = uShare.plist; sourceTree = "<group>"; };
		6FBBA822167884700017C428 /* en */ = {isa = PBXFileReference; lastKnownFileType = file.xib; name = en; path = en.lproj/USViewController.xib; sourceTree = "<group>"; };
		7636672D8B104549AC9FEE10 /* libPods.a */ = {isa = PBXFileReference; explicitFileType = archive.ar; includeInIndex = 0; path = libPods.a; sourceTree = BUILT_PRODUCTS_DIR; };
		BAB5CF89AB3341248E7936B8 /* Pods.xcconfig */ = {isa = PBXFileReference; includeInIndex = 1; lastKnownFileType = text.xcconfig; name = Pods.xcconfig; path = Pods/Pods.xcconfig; sourceTree = SOURCE_ROOT; };
/* End PBXFileReference section */

/* Begin PBXFrameworksBuildPhase section */
		6F0641C11673AA2C009417A4 /* Frameworks */ = {
			isa = PBXFrameworksBuildPhase;
			buildActionMask = 2147483647;
			files = (
				6F5DC7DF1678BC8D00CEF3D7 /* CoreImage.framework in Frameworks */,
				6F0641C91673AA2C009417A4 /* UIKit.framework in Frameworks */,
				6F0641CB1673AA2C009417A4 /* Foundation.framework in Frameworks */,
				6F0641CD1673AA2C009417A4 /* CoreGraphics.framework in Frameworks */,
				A3B5C3DF94EA43CBBB637C64 /* libPods.a in Frameworks */,
			);
			runOnlyForDeploymentPostprocessing = 0;
		};
/* End PBXFrameworksBuildPhase section */

/* Begin PBXGroup section */
		6F0641B91673AA2C009417A4 = {
			isa = PBXGroup;
			children = (
				6F0641C71673AA2C009417A4 /* Frameworks */,
				6F5D266B1688C7C000C7BDC5 /* ARChromeActivity */,
				6F5D267D1688E49300C7BDC5 /* TUSafariActivity */,
				6F0641CE1673AA2C009417A4 /* uShare */,
				6F0641C51673AA2C009417A4 /* Products */,
				BAB5CF89AB3341248E7936B8 /* Pods.xcconfig */,
				6F5D267B1688D59800C7BDC5 /* Settings.bundle */,
			);
			sourceTree = "<group>";
		};
		6F0641C51673AA2C009417A4 /* Products */ = {
			isa = PBXGroup;
			children = (
				6F0641C41673AA2C009417A4 /* uShare.app */,
			);
			name = Products;
			sourceTree = "<group>";
		};
		6F0641C71673AA2C009417A4 /* Frameworks */ = {
			isa = PBXGroup;
			children = (
				6F5DC7DE1678BC8D00CEF3D7 /* CoreImage.framework */,
				6F0641C81673AA2C009417A4 /* UIKit.framework */,
				6F0641CA1673AA2C009417A4 /* Foundation.framework */,
				6F0641CC1673AA2C009417A4 /* CoreGraphics.framework */,
				7636672D8B104549AC9FEE10 /* libPods.a */,
			);
			name = Frameworks;
			sourceTree = "<group>";
		};
		6F0641CE1673AA2C009417A4 /* uShare */ = {
			isa = PBXGroup;
			children = (
				6F0641D71673AA2C009417A4 /* USAppDelegate.h */,
				6F0641D81673AA2C009417A4 /* USAppDelegate.m */,
				6F0641E01673AA2C009417A4 /* USViewController.h */,
				6F0641E11673AA2C009417A4 /* USViewController.m */,
				6F0641CF1673AA2C009417A4 /* Supporting Files */,
			);
			name = uShare;
			path = ushare;
			sourceTree = "<group>";
		};
		6F0641CF1673AA2C009417A4 /* Supporting Files */ = {
			isa = PBXGroup;
			children = (
				6F7280381689D4B40080A172 /* USSilverButtonDepressed.png */,
				6F7280391689D4B40080A172 /* USSilverButtonDepressed@2x.png */,
				6F7280331689D1F90080A172 /* USShareIcon.png */,
				6F7280341689D1F90080A172 /* USShareIcon@2x.png */,
				6F0467CB1689C26C009C4C67 /* USSilverButton.png */,
				6F0467CC1689C26C009C4C67 /* USSilverButton@2x.png */,
				6F5D273A16899B1700C7BDC5 /* USCloud.png */,
				6F5D273B16899B1700C7BDC5 /* USCloud@2x.png */,
				6F5D272E1689908800C7BDC5 /* ToolbarIcon.png */,
				6F5D272F1689908800C7BDC5 /* ToolbarIcon@2x.png */,
				6F9301251678DE420030E8AB /* uShare-Prefix.pch */,
				6F9301261678DE420030E8AB /* uShare.plist */,
				6F5DC7E11678DB8700CEF3D7 /* Icon.png */,
				6F5DC7E21678DB8800CEF3D7 /* Icon@2x.png */,
				6F0705A516788F7100DD3100 /* USUploadBezel.png */,
				6F0705A616788F7100DD3100 /* USUploadBezel@2x.png */,
				6FBBA821167884700017C428 /* USViewController.xib */,
				6F0641D11673AA2C009417A4 /* InfoPlist.strings */,
				6F0641D41673AA2C009417A4 /* main.m */,
				6F0641DA1673AA2C009417A4 /* Default.png */,
				6F0641DC1673AA2C009417A4 /* Default@2x.png */,
				6F0641DE1673AA2C009417A4 /* Default-568h@2x.png */,
			);
			name = "Supporting Files";
			sourceTree = "<group>";
		};
		6F5D266B1688C7C000C7BDC5 /* ARChromeActivity */ = {
			isa = PBXGroup;
			children = (
				6F5D266C1688C7C000C7BDC5 /* ARChromeActivity.h */,
				6F5D266D1688C7C000C7BDC5 /* ARChromeActivity.m */,
				6F5D266E1688C7C000C7BDC5 /* ARChromeActivity.png */,
				6F5D266F1688C7C000C7BDC5 /* ARChromeActivity@2x.png */,
				6F5D26701688C7C000C7BDC5 /* ARChromeActivity@2x~ipad.png */,
				6F5D26711688C7C000C7BDC5 /* ARChromeActivity~ipad.png */,
			);
			path = ARChromeActivity;
			sourceTree = "<group>";
		};
		6F5D267D1688E49300C7BDC5 /* TUSafariActivity */ = {
			isa = PBXGroup;
			children = (
				6F5D267E1688E49300C7BDC5 /* TUSafariActivity.strings */,
				6F5D268B1688E49300C7BDC5 /* Safari.png */,
				6F5D268C1688E49300C7BDC5 /* Safari@2x.png */,
				6F5D268D1688E49300C7BDC5 /* Safari@2x~ipad.png */,
				6F5D268E1688E49300C7BDC5 /* Safari~ipad.png */,
				6F5D26911688E49300C7BDC5 /* TUSafariActivity.h */,
				6F5D26921688E49300C7BDC5 /* TUSafariActivity.m */,
			);
			path = TUSafariActivity;
			sourceTree = "<group>";
		};
/* End PBXGroup section */

/* Begin PBXNativeTarget section */
		6F0641C31673AA2C009417A4 /* uShare */ = {
			isa = PBXNativeTarget;
			buildConfigurationList = 6F0641E81673AA2C009417A4 /* Build configuration list for PBXNativeTarget "uShare" */;
			buildPhases = (
				6F0641C01673AA2C009417A4 /* Sources */,
				6F0641C11673AA2C009417A4 /* Frameworks */,
				6F0641C21673AA2C009417A4 /* Resources */,
				5C7AB11259A9442DA82C7087 /* Copy Pods Resources */,
			);
			buildRules = (
			);
			dependencies = (
			);
			name = uShare;
			productName = ushare;
			productReference = 6F0641C41673AA2C009417A4 /* uShare.app */;
			productType = "com.apple.product-type.application";
		};
/* End PBXNativeTarget section */

/* Begin PBXProject section */
		6F0641BB1673AA2C009417A4 /* Project object */ = {
			isa = PBXProject;
			attributes = {
				CLASSPREFIX = US;
				LastUpgradeCheck = 0450;
				ORGANIZATIONNAME = Uploadcare;
			};
			buildConfigurationList = 6F0641BE1673AA2C009417A4 /* Build configuration list for PBXProject "uShare" */;
			compatibilityVersion = "Xcode 3.2";
			developmentRegion = English;
			hasScannedForEncodings = 0;
			knownRegions = (
				en,
				cs,
				de,
				es,
				eu,
				fr,
				it,
				ja,
				ko,
				nl,
				no,
				ru,
				sk,
				sv,
				vi,
				zh_CN,
			);
			mainGroup = 6F0641B91673AA2C009417A4;
			productRefGroup = 6F0641C51673AA2C009417A4 /* Products */;
			projectDirPath = "";
			projectRoot = "";
			targets = (
				6F0641C31673AA2C009417A4 /* uShare */,
			);
		};
/* End PBXProject section */

/* Begin PBXResourcesBuildPhase section */
		6F0641C21673AA2C009417A4 /* Resources */ = {
			isa = PBXResourcesBuildPhase;
			buildActionMask = 2147483647;
			files = (
				6F0641D31673AA2C009417A4 /* InfoPlist.strings in Resources */,
				6F0641DB1673AA2C009417A4 /* Default.png in Resources */,
				6F0641DD1673AA2C009417A4 /* Default@2x.png in Resources */,
				6F0641DF1673AA2C009417A4 /* Default-568h@2x.png in Resources */,
				6FBBA823167884700017C428 /* USViewController.xib in Resources */,
				6F0705A716788F7100DD3100 /* USUploadBezel.png in Resources */,
				6F0705A816788F7100DD3100 /* USUploadBezel@2x.png in Resources */,
				6F5DC7E31678DB8800CEF3D7 /* Icon.png in Resources */,
				6F5DC7E41678DB8800CEF3D7 /* Icon@2x.png in Resources */,
				6F5D26731688C7C000C7BDC5 /* ARChromeActivity.png in Resources */,
				6F5D26741688C7C000C7BDC5 /* ARChromeActivity@2x.png in Resources */,
				6F5D26751688C7C000C7BDC5 /* ARChromeActivity@2x~ipad.png in Resources */,
				6F5D26761688C7C000C7BDC5 /* ARChromeActivity~ipad.png in Resources */,
				6F5D267C1688D59800C7BDC5 /* Settings.bundle in Resources */,
				6F5D26951688E49300C7BDC5 /* TUSafariActivity.strings in Resources */,
				6F5D26961688E49300C7BDC5 /* Safari.png in Resources */,
				6F5D26971688E49300C7BDC5 /* Safari@2x.png in Resources */,
				6F5D26981688E49300C7BDC5 /* Safari@2x~ipad.png in Resources */,
				6F5D26991688E49300C7BDC5 /* Safari~ipad.png in Resources */,
				6F5D27301689908800C7BDC5 /* ToolbarIcon.png in Resources */,
				6F5D27311689908800C7BDC5 /* ToolbarIcon@2x.png in Resources */,
				6F5D273C16899B1700C7BDC5 /* USCloud.png in Resources */,
				6F5D273D16899B1700C7BDC5 /* USCloud@2x.png in Resources */,
				6F0467CD1689C26C009C4C67 /* USSilverButton.png in Resources */,
				6F0467CE1689C26C009C4C67 /* USSilverButton@2x.png in Resources */,
				6F7280351689D1F90080A172 /* USShareIcon.png in Resources */,
				6F7280361689D1F90080A172 /* USShareIcon@2x.png in Resources */,
				6F72803A1689D4B40080A172 /* USSilverButtonDepressed.png in Resources */,
				6F72803B1689D4B40080A172 /* USSilverButtonDepressed@2x.png in Resources */,
			);
			runOnlyForDeploymentPostprocessing = 0;
		};
/* End PBXResourcesBuildPhase section */

/* Begin PBXShellScriptBuildPhase section */
		5C7AB11259A9442DA82C7087 /* Copy Pods Resources */ = {
			isa = PBXShellScriptBuildPhase;
			buildActionMask = 2147483647;
			files = (
			);
			inputPaths = (
			);
			name = "Copy Pods Resources";
			outputPaths = (
			);
			runOnlyForDeploymentPostprocessing = 0;
			shellPath = /bin/sh;
			shellScript = "\"${SRCROOT}/Pods/Pods-resources.sh\"\n";
		};
/* End PBXShellScriptBuildPhase section */

/* Begin PBXSourcesBuildPhase section */
		6F0641C01673AA2C009417A4 /* Sources */ = {
			isa = PBXSourcesBuildPhase;
			buildActionMask = 2147483647;
			files = (
				6F0641D51673AA2C009417A4 /* main.m in Sources */,
				6F0641D91673AA2C009417A4 /* USAppDelegate.m in Sources */,
				6F0641E21673AA2C009417A4 /* USViewController.m in Sources */,
				6F5D26721688C7C000C7BDC5 /* ARChromeActivity.m in Sources */,
				6F5D269A1688E49300C7BDC5 /* TUSafariActivity.m in Sources */,
			);
			runOnlyForDeploymentPostprocessing = 0;
		};
/* End PBXSourcesBuildPhase section */

/* Begin PBXVariantGroup section */
		6F0641D11673AA2C009417A4 /* InfoPlist.strings */ = {
			isa = PBXVariantGroup;
			children = (
				6F0641D21673AA2C009417A4 /* en */,
			);
			name = InfoPlist.strings;
			sourceTree = "<group>";
		};
		6F5D267E1688E49300C7BDC5 /* TUSafariActivity.strings */ = {
			isa = PBXVariantGroup;
			children = (
				6F5D267F1688E49300C7BDC5 /* cs */,
				6F5D26801688E49300C7BDC5 /* de */,
				6F5D26811688E49300C7BDC5 /* en */,
				6F5D26821688E49300C7BDC5 /* es */,
				6F5D26831688E49300C7BDC5 /* eu */,
				6F5D26841688E49300C7BDC5 /* fr */,
				6F5D26851688E49300C7BDC5 /* it */,
				6F5D26861688E49300C7BDC5 /* ja */,
				6F5D26871688E49300C7BDC5 /* ko */,
				6F5D26881688E49300C7BDC5 /* nl */,
				6F5D26891688E49300C7BDC5 /* no */,
				6F5D268A1688E49300C7BDC5 /* ru */,
				6F5D268F1688E49300C7BDC5 /* sk */,
				6F5D26901688E49300C7BDC5 /* sv */,
				6F5D26931688E49300C7BDC5 /* vi */,
				6F5D26941688E49300C7BDC5 /* zh_CN */,
			);
			name = TUSafariActivity.strings;
			sourceTree = "<group>";
		};
		6FBBA821167884700017C428 /* USViewController.xib */ = {
			isa = PBXVariantGroup;
			children = (
				6FBBA822167884700017C428 /* en */,
			);
			name = USViewController.xib;
			sourceTree = "<group>";
		};
/* End PBXVariantGroup section */

/* Begin XCBuildConfiguration section */
		6F0641E61673AA2C009417A4 /* Debug */ = {
			isa = XCBuildConfiguration;
			buildSettings = {
				ALWAYS_SEARCH_USER_PATHS = NO;
				CLANG_CXX_LANGUAGE_STANDARD = "gnu++0x";
				CLANG_CXX_LIBRARY = "libc++";
				CLANG_ENABLE_OBJC_ARC = YES;
				CLANG_WARN_EMPTY_BODY = YES;
				CLANG_WARN__DUPLICATE_METHOD_MATCH = YES;
				"CODE_SIGN_IDENTITY[sdk=iphoneos*]" = "iPhone Developer";
				COPY_PHASE_STRIP = NO;
				GCC_C_LANGUAGE_STANDARD = gnu99;
				GCC_DYNAMIC_NO_PIC = NO;
				GCC_OPTIMIZATION_LEVEL = 0;
				GCC_PREPROCESSOR_DEFINITIONS = (
					"DEBUG=1",
					"$(inherited)",
				);
				GCC_SYMBOLS_PRIVATE_EXTERN = NO;
				GCC_WARN_ABOUT_RETURN_TYPE = YES;
				GCC_WARN_UNINITIALIZED_AUTOS = YES;
				GCC_WARN_UNUSED_VARIABLE = YES;
				IPHONEOS_DEPLOYMENT_TARGET = 6.0;
				ONLY_ACTIVE_ARCH = YES;
				SDKROOT = iphoneos;
			};
			name = Debug;
		};
		6F0641E71673AA2C009417A4 /* Release */ = {
			isa = XCBuildConfiguration;
			buildSettings = {
				ALWAYS_SEARCH_USER_PATHS = NO;
				CLANG_CXX_LANGUAGE_STANDARD = "gnu++0x";
				CLANG_CXX_LIBRARY = "libc++";
				CLANG_ENABLE_OBJC_ARC = YES;
				CLANG_WARN_EMPTY_BODY = YES;
				CLANG_WARN__DUPLICATE_METHOD_MATCH = YES;
				"CODE_SIGN_IDENTITY[sdk=iphoneos*]" = "iPhone Developer";
				COPY_PHASE_STRIP = YES;
				GCC_C_LANGUAGE_STANDARD = gnu99;
				GCC_WARN_ABOUT_RETURN_TYPE = YES;
				GCC_WARN_UNINITIALIZED_AUTOS = YES;
				GCC_WARN_UNUSED_VARIABLE = YES;
				IPHONEOS_DEPLOYMENT_TARGET = 6.0;
				OTHER_CFLAGS = "-DNS_BLOCK_ASSERTIONS=1";
				SDKROOT = iphoneos;
				VALIDATE_PRODUCT = YES;
			};
			name = Release;
		};
		6F0641E91673AA2C009417A4 /* Debug */ = {
			isa = XCBuildConfiguration;
			baseConfigurationReference = BAB5CF89AB3341248E7936B8 /* Pods.xcconfig */;
			buildSettings = {
				GCC_PRECOMPILE_PREFIX_HEADER = YES;
				GCC_PREFIX_HEADER = "ushare/uShare-Prefix.pch";
				INFOPLIST_FILE = "$(SRCROOT)/ushare/uShare.plist";
				IPHONEOS_DEPLOYMENT_TARGET = 6.0;
				PRODUCT_NAME = uShare;
				WRAPPER_EXTENSION = app;
			};
			name = Debug;
		};
		6F0641EA1673AA2C009417A4 /* Release */ = {
			isa = XCBuildConfiguration;
			baseConfigurationReference = BAB5CF89AB3341248E7936B8 /* Pods.xcconfig */;
			buildSettings = {
				GCC_PRECOMPILE_PREFIX_HEADER = YES;
				GCC_PREFIX_HEADER = "ushare/uShare-Prefix.pch";
				INFOPLIST_FILE = "$(SRCROOT)/ushare/uShare.plist";
				IPHONEOS_DEPLOYMENT_TARGET = 6.0;
				PRODUCT_NAME = uShare;
				WRAPPER_EXTENSION = app;
			};
			name = Release;
		};
/* End XCBuildConfiguration section */

/* Begin XCConfigurationList section */
		6F0641BE1673AA2C009417A4 /* Build configuration list for PBXProject "uShare" */ = {
			isa = XCConfigurationList;
			buildConfigurations = (
				6F0641E61673AA2C009417A4 /* Debug */,
				6F0641E71673AA2C009417A4 /* Release */,
			);
			defaultConfigurationIsVisible = 0;
			defaultConfigurationName = Release;
		};
		6F0641E81673AA2C009417A4 /* Build configuration list for PBXNativeTarget "uShare" */ = {
			isa = XCConfigurationList;
			buildConfigurations = (
				6F0641E91673AA2C009417A4 /* Debug */,
				6F0641EA1673AA2C009417A4 /* Release */,
			);
			defaultConfigurationIsVisible = 0;
			defaultConfigurationName = Release;
		};
/* End XCConfigurationList section */
	};
	rootObject = 6F0641BB1673AA2C009417A4 /* Project object */;
}
